// !$*UTF8*$!
{
	archiveVersion = 1;
	classes = {
	};
	objectVersion = 50;
	objects = {

/* Begin PBXBuildFile section */
		F849FAF523CC5799009BCFC6 /* AppDelegate.swift in Sources */ = {isa = PBXBuildFile; fileRef = F849FAF423CC5799009BCFC6 /* AppDelegate.swift */; };
		F849FAF723CC5799009BCFC6 /* SceneDelegate.swift in Sources */ = {isa = PBXBuildFile; fileRef = F849FAF623CC5799009BCFC6 /* SceneDelegate.swift */; };
		F849FAF923CC5799009BCFC6 /* ViewController.swift in Sources */ = {isa = PBXBuildFile; fileRef = F849FAF823CC5799009BCFC6 /* ViewController.swift */; };
		F849FAFC23CC5799009BCFC6 /* Main.storyboard in Resources */ = {isa = PBXBuildFile; fileRef = F849FAFA23CC5799009BCFC6 /* Main.storyboard */; };
		F849FAFE23CC579A009BCFC6 /* Assets.xcassets in Resources */ = {isa = PBXBuildFile; fileRef = F849FAFD23CC579A009BCFC6 /* Assets.xcassets */; };
		F849FB0123CC579A009BCFC6 /* LaunchScreen.storyboard in Resources */ = {isa = PBXBuildFile; fileRef = F849FAFF23CC579A009BCFC6 /* LaunchScreen.storyboard */; };
/* End PBXBuildFile section */

/* Begin PBXFileReference section */
		F849FAF123CC5799009BCFC6 /* AMTabBarController.app */ = {isa = PBXFileReference; explicitFileType = wrapper.application; includeInIndex = 0; path = AMTabBarController.app; sourceTree = BUILT_PRODUCTS_DIR; };
		F849FAF423CC5799009BCFC6 /* AppDelegate.swift */ = {isa = PBXFileReference; lastKnownFileType = sourcecode.swift; path = AppDelegate.swift; sourceTree = "<group>"; };
		F849FAF623CC5799009BCFC6 /* SceneDelegate.swift */ = {isa = PBXFileReference; lastKnownFileType = sourcecode.swift; path = SceneDelegate.swift; sourceTree = "<group>"; };
		F849FAF823CC5799009BCFC6 /* ViewController.swift */ = {isa = PBXFileReference; lastKnownFileType = sourcecode.swift; path = ViewController.swift; sourceTree = "<group>"; };
		F849FAFB23CC5799009BCFC6 /* Base */ = {isa = PBXFileReference; lastKnownFileType = file.storyboard; name = Base; path = Base.lproj/Main.storyboard; sourceTree = "<group>"; };
		F849FAFD23CC579A009BCFC6 /* Assets.xcassets */ = {isa = PBXFileReference; lastKnownFileType = folder.assetcatalog; path = Assets.xcassets; sourceTree = "<group>"; };
		F849FB0023CC579A009BCFC6 /* Base */ = {isa = PBXFileReference; lastKnownFileType = file.storyboard; name = Base; path = Base.lproj/LaunchScreen.storyboard; sourceTree = "<group>"; };
		F849FB0223CC579A009BCFC6 /* Info.plist */ = {isa = PBXFileReference; lastKnownFileType = text.plist.xml; path = Info.plist; sourceTree = "<group>"; };
/* End PBXFileReference section */

/* Begin PBXFrameworksBuildPhase section */
		F849FAEE23CC5799009BCFC6 /* Frameworks */ = {
			isa = PBXFrameworksBuildPhase;
			buildActionMask = 2147483647;
			files = (
			);
			runOnlyForDeploymentPostprocessing = 0;
		};
/* End PBXFrameworksBuildPhase section */

/* Begin PBXGroup section */
		F849FAE823CC5799009BCFC6 = {
			isa = PBXGroup;
			children = (
				F849FAF323CC5799009BCFC6 /* AMTabBarController */,
				F849FAF223CC5799009BCFC6 /* Products */,
			);
			sourceTree = "<group>";
		};
		F849FAF223CC5799009BCFC6 /* Products */ = {
			isa = PBXGroup;
			children = (
				F849FAF123CC5799009BCFC6 /* AMTabBarController.app */,
			);
			name = Products;
			sourceTree = "<group>";
		};
		F849FAF323CC5799009BCFC6 /* AMTabBarController */ = {
			isa = PBXGroup;
			children = (
				F849FAF423CC5799009BCFC6 /* AppDelegate.swift */,
				F849FAF623CC5799009BCFC6 /* SceneDelegate.swift */,
				F849FAF823CC5799009BCFC6 /* ViewController.swift */,
				F849FAFA23CC5799009BCFC6 /* Main.storyboard */,
				F849FAFD23CC579A009BCFC6 /* Assets.xcassets */,
				F849FAFF23CC579A009BCFC6 /* LaunchScreen.storyboard */,
				F849FB0223CC579A009BCFC6 /* Info.plist */,
			);
			path = AMTabBarController;
			sourceTree = "<group>";
		};
/* End PBXGroup section */

/* Begin PBXNativeTarget section */
		F849FAF023CC5799009BCFC6 /* AMTabBarController */ = {
			isa = PBXNativeTarget;
			buildConfigurationList = F849FB0523CC579A009BCFC6 /* Build configuration list for PBXNativeTarget "AMTabBarController" */;
			buildPhases = (
				F849FAED23CC5799009BCFC6 /* Sources */,
				F849FAEE23CC5799009BCFC6 /* Frameworks */,
				F849FAEF23CC5799009BCFC6 /* Resources */,
			);
			buildRules = (
			);
			dependencies = (
			);
			name = AMTabBarController;
			productName = AMTabBarController;
			productReference = F849FAF123CC5799009BCFC6 /* AMTabBarController.app */;
			productType = "com.apple.product-type.application";
		};
/* End PBXNativeTarget section */

/* Begin PBXProject section */
		F849FAE923CC5799009BCFC6 /* Project object */ = {
			isa = PBXProject;
			attributes = {
				LastSwiftUpdateCheck = 1130;
				LastUpgradeCheck = 1130;
				ORGANIZATIONNAME = Rivile;
				TargetAttributes = {
					F849FAF023CC5799009BCFC6 = {
						CreatedOnToolsVersion = 11.3;
					};
				};
			};
			buildConfigurationList = F849FAEC23CC5799009BCFC6 /* Build configuration list for PBXProject "AMTabBarController" */;
			compatibilityVersion = "Xcode 9.3";
			developmentRegion = en;
			hasScannedForEncodings = 0;
			knownRegions = (
				en,
				Base,
			);
			mainGroup = F849FAE823CC5799009BCFC6;
			productRefGroup = F849FAF223CC5799009BCFC6 /* Products */;
			projectDirPath = "";
			projectRoot = "";
			targets = (
				F849FAF023CC5799009BCFC6 /* AMTabBarController */,
			);
		};
/* End PBXProject section */

/* Begin PBXResourcesBuildPhase section */
		F849FAEF23CC5799009BCFC6 /* Resources */ = {
			isa = PBXResourcesBuildPhase;
			buildActionMask = 2147483647;
			files = (
				F849FB0123CC579A009BCFC6 /* LaunchScreen.storyboard in Resources */,
				F849FAFE23CC579A009BCFC6 /* Assets.xcassets in Resources */,
				F849FAFC23CC5799009BCFC6 /* Main.storyboard in Resources */,
			);
			runOnlyForDeploymentPostprocessing = 0;
		};
/* End PBXResourcesBuildPhase section */

/* Begin PBXSourcesBuildPhase section */
		F849FAED23CC5799009BCFC6 /* Sources */ = {
			isa = PBXSourcesBuildPhase;
			buildActionMask = 2147483647;
			files = (
				F849FAF923CC5799009BCFC6 /* ViewController.swift in Sources */,
				F849FAF523CC5799009BCFC6 /* AppDelegate.swift in Sources */,
				F849FAF723CC5799009BCFC6 /* SceneDelegate.swift in Sources */,
			);
			runOnlyForDeploymentPostprocessing = 0;
		};
/* End PBXSourcesBuildPhase section */

/* Begin PBXVariantGroup section */
		F849FAFA23CC5799009BCFC6 /* Main.storyboard */ = {
			isa = PBXVariantGroup;
			children = (
				F849FAFB23CC5799009BCFC6 /* Base */,
			);
			name = Main.storyboard;
			sourceTree = "<group>";
		};
		F849FAFF23CC579A009BCFC6 /* LaunchScreen.storyboard */ = {
			isa = PBXVariantGroup;
			children = (
				F849FB0023CC579A009BCFC6 /* Base */,
			);
			name = LaunchScreen.storyboard;
			sourceTree = "<group>";
		};
/* End PBXVariantGroup section */

/* Begin XCBuildConfiguration section */
		F849FB0323CC579A009BCFC6 /* Debug */ = {
			isa = XCBuildConfiguration;
			buildSettings = {
				ALWAYS_SEARCH_USER_PATHS = NO;
				CLANG_ANALYZER_NONNULL = YES;
				CLANG_ANALYZER_NUMBER_OBJECT_CONVERSION = YES_AGGRESSIVE;
				CLANG_CXX_LANGUAGE_STANDARD = "gnu++14";
				CLANG_CXX_LIBRARY = "libc++";
				CLANG_ENABLE_MODULES = YES;
				CLANG_ENABLE_OBJC_ARC = YES;
				CLANG_ENABLE_OBJC_WEAK = YES;
				CLANG_WARN_BLOCK_CAPTURE_AUTORELEASING = YES;
				CLANG_WARN_BOOL_CONVERSION = YES;
				CLANG_WARN_COMMA = YES;
				CLANG_WARN_CONSTANT_CONVERSION = YES;
				CLANG_WARN_DEPRECATED_OBJC_IMPLEMENTATIONS = YES;
				CLANG_WARN_DIRECT_OBJC_ISA_USAGE = YES_ERROR;
				CLANG_WARN_DOCUMENTATION_COMMENTS = YES;
				CLANG_WARN_EMPTY_BODY = YES;
				CLANG_WARN_ENUM_CONVERSION = YES;
				CLANG_WARN_INFINITE_RECURSION = YES;
				CLANG_WARN_INT_CONVERSION = YES;
				CLANG_WARN_NON_LITERAL_NULL_CONVERSION = YES;
				CLANG_WARN_OBJC_IMPLICIT_RETAIN_SELF = YES;
				CLANG_WARN_OBJC_LITERAL_CONVERSION = YES;
				CLANG_WARN_OBJC_ROOT_CLASS = YES_ERROR;
				CLANG_WARN_RANGE_LOOP_ANALYSIS = YES;
				CLANG_WARN_STRICT_PROTOTYPES = YES;
				CLANG_WARN_SUSPICIOUS_MOVE = YES;
				CLANG_WARN_UNGUARDED_AVAILABILITY = YES_AGGRESSIVE;
				CLANG_WARN_UNREACHABLE_CODE = YES;
				CLANG_WARN__DUPLICATE_METHOD_MATCH = YES;
				COPY_PHASE_STRIP = NO;
				DEBUG_INFORMATION_FORMAT = dwarf;
				ENABLE_STRICT_OBJC_MSGSEND = YES;
				ENABLE_TESTABILITY = YES;
				GCC_C_LANGUAGE_STANDARD = gnu11;
				GCC_DYNAMIC_NO_PIC = NO;
				GCC_NO_COMMON_BLOCKS = YES;
				GCC_OPTIMIZATION_LEVEL = 0;
				GCC_PREPROCESSOR_DEFINITIONS = (
					"DEBUG=1",
					"$(inherited)",
				);
				GCC_WARN_64_TO_32_BIT_CONVERSION = YES;
				GCC_WARN_ABOUT_RETURN_TYPE = YES_ERROR;
				GCC_WARN_UNDECLARED_SELECTOR = YES;
				GCC_WARN_UNINITIALIZED_AUTOS = YES_AGGRESSIVE;
				GCC_WARN_UNUSED_FUNCTION = YES;
				GCC_WARN_UNUSED_VARIABLE = YES;
				IPHONEOS_DEPLOYMENT_TARGET = 13.2;
				MTL_ENABLE_DEBUG_INFO = INCLUDE_SOURCE;
				MTL_FAST_MATH = YES;
				ONLY_ACTIVE_ARCH = YES;
				SDKROOT = iphoneos;
				SWIFT_ACTIVE_COMPILATION_CONDITIONS = DEBUG;
				SWIFT_OPTIMIZATION_LEVEL = "-Onone";
			};
			name = Debug;
		};
		F849FB0423CC579A009BCFC6 /* Release */ = {
			isa = XCBuildConfiguration;
			buildSettings = {
				ALWAYS_SEARCH_USER_PATHS = NO;
				CLANG_ANALYZER_NONNULL = YES;
				CLANG_ANALYZER_NUMBER_OBJECT_CONVERSION = YES_AGGRESSIVE;
				CLANG_CXX_LANGUAGE_STANDARD = "gnu++14";
				CLANG_CXX_LIBRARY = "libc++";
				CLANG_ENABLE_MODULES = YES;
				CLANG_ENABLE_OBJC_ARC = YES;
				CLANG_ENABLE_OBJC_WEAK = YES;
				CLANG_WARN_BLOCK_CAPTURE_AUTORELEASING = YES;
				CLANG_WARN_BOOL_CONVERSION = YES;
				CLANG_WARN_COMMA = YES;
				CLANG_WARN_CONSTANT_CONVERSION = YES;
				CLANG_WARN_DEPRECATED_OBJC_IMPLEMENTATIONS = YES;
				CLANG_WARN_DIRECT_OBJC_ISA_USAGE = YES_ERROR;
				CLANG_WARN_DOCUMENTATION_COMMENTS = YES;
				CLANG_WARN_EMPTY_BODY = YES;
				CLANG_WARN_ENUM_CONVERSION = YES;
				CLANG_WARN_INFINITE_RECURSION = YES;
				CLANG_WARN_INT_CONVERSION = YES;
				CLANG_WARN_NON_LITERAL_NULL_CONVERSION = YES;
				CLANG_WARN_OBJC_IMPLICIT_RETAIN_SELF = YES;
				CLANG_WARN_OBJC_LITERAL_CONVERSION = YES;
				CLANG_WARN_OBJC_ROOT_CLASS = YES_ERROR;
				CLANG_WARN_RANGE_LOOP_ANALYSIS = YES;
				CLANG_WARN_STRICT_PROTOTYPES = YES;
				CLANG_WARN_SUSPICIOUS_MOVE = YES;
				CLANG_WARN_UNGUARDED_AVAILABILITY = YES_AGGRESSIVE;
				CLANG_WARN_UNREACHABLE_CODE = YES;
				CLANG_WARN__DUPLICATE_METHOD_MATCH = YES;
				COPY_PHASE_STRIP = NO;
				DEBUG_INFORMATION_FORMAT = "dwarf-with-dsym";
				ENABLE_NS_ASSERTIONS = NO;
				ENABLE_STRICT_OBJC_MSGSEND = YES;
				GCC_C_LANGUAGE_STANDARD = gnu11;
				GCC_NO_COMMON_BLOCKS = YES;
				GCC_WARN_64_TO_32_BIT_CONVERSION = YES;
				GCC_WARN_ABOUT_RETURN_TYPE = YES_ERROR;
				GCC_WARN_UNDECLARED_SELECTOR = YES;
				GCC_WARN_UNINITIALIZED_AUTOS = YES_AGGRESSIVE;
				GCC_WARN_UNUSED_FUNCTION = YES;
				GCC_WARN_UNUSED_VARIABLE = YES;
				IPHONEOS_DEPLOYMENT_TARGET = 13.2;
				MTL_ENABLE_DEBUG_INFO = NO;
				MTL_FAST_MATH = YES;
				SDKROOT = iphoneos;
				SWIFT_COMPILATION_MODE = wholemodule;
				SWIFT_OPTIMIZATION_LEVEL = "-O";
				VALIDATE_PRODUCT = YES;
			};
			name = Release;
		};
		F849FB0623CC579A009BCFC6 /* Debug */ = {
			isa = XCBuildConfiguration;
			buildSettings = {
				ASSETCATALOG_COMPILER_APPICON_NAME = AppIcon;
				CODE_SIGN_STYLE = Automatic;
				DEVELOPMENT_TEAM = 7TX9MUG386;
				INFOPLIST_FILE = AMTabBarController/Info.plist;
				LD_RUNPATH_SEARCH_PATHS = (
					"$(inherited)",
					"@executable_path/Frameworks",
				);
				PRODUCT_BUNDLE_IDENTIFIER = ama.AMTabBarController;
				PRODUCT_NAME = "$(TARGET_NAME)";
				SWIFT_VERSION = 5.0;
				TARGETED_DEVICE_FAMILY = "1,2";
			};
			name = Debug;
		};
		F849FB0723CC579A009BCFC6 /* Release */ = {
			isa = XCBuildConfiguration;
			buildSettings = {
				ASSETCATALOG_COMPILER_APPICON_NAME = AppIcon;
				CODE_SIGN_STYLE = Automatic;
				DEVELOPMENT_TEAM = 7TX9MUG386;
				INFOPLIST_FILE = AMTabBarController/Info.plist;
				LD_RUNPATH_SEARCH_PATHS = (
					"$(inherited)",
					"@executable_path/Frameworks",
				);
				PRODUCT_BUNDLE_IDENTIFIER = ama.AMTabBarController;
				PRODUCT_NAME = "$(TARGET_NAME)";
				SWIFT_VERSION = 5.0;
				TARGETED_DEVICE_FAMILY = "1,2";
			};
			name = Release;
		};
/* End XCBuildConfiguration section */

/* Begin XCConfigurationList section */
		F849FAEC23CC5799009BCFC6 /* Build configuration list for PBXProject "AMTabBarController" */ = {
			isa = XCConfigurationList;
			buildConfigurations = (
				F849FB0323CC579A009BCFC6 /* Debug */,
				F849FB0423CC579A009BCFC6 /* Release */,
			);
			defaultConfigurationIsVisible = 0;
			defaultConfigurationName = Release;
		};
		F849FB0523CC579A009BCFC6 /* Build configuration list for PBXNativeTarget "AMTabBarController" */ = {
			isa = XCConfigurationList;
			buildConfigurations = (
				F849FB0623CC579A009BCFC6 /* Debug */,
				F849FB0723CC579A009BCFC6 /* Release */,
			);
			defaultConfigurationIsVisible = 0;
			defaultConfigurationName = Release;
		};
/* End XCConfigurationList section */
	};
	rootObject = F849FAE923CC5799009BCFC6 /* Project object */;
}
